{
  "name": "camp.dustydumbbells",
  "version": "1.0.0",
  "lockfileVersion": 3,
  "requires": true,
  "packages": {
    "": {
      "name": "camp.dustydumbbells",
      "version": "1.0.0",
      "dependencies": {
        "suncalc": "2.1.1"
      },
      "engines": {
        "node": ">=22"
      }
    },
    "node_modules/suncalc": {
      "version": "2.1.1",
      "resolved": "https://registry.npmjs.org/suncalc/-/suncalc-2.1.1.tgz",
      "integrity": "sha512-ufMOPzYRk5aomEs3g+qeJGdCPZWC3TL94E0HQagoSusFnNXCvfuewWBroY3lxRHqA7IA8UGvgg7dcrSSDJsuEg=="
    }
  }
}
